// !$*UTF8*$!
{
	archiveVersion = 1;
	classes = {
	};
	objectVersion = 48;
	objects = {

/* Begin PBXBuildFile section */
		0710CDE82063514300C0E620 /* Comment.swift in Sources */ = {isa = PBXBuildFile; fileRef = 0710CDE72063514300C0E620 /* Comment.swift */; };
		0710CDEA2063569200C0E620 /* ListPostCellViewModel.swift in Sources */ = {isa = PBXBuildFile; fileRef = 0710CDE92063569200C0E620 /* ListPostCellViewModel.swift */; };
		0710CDEC2063619200C0E620 /* DateConverter.swift in Sources */ = {isa = PBXBuildFile; fileRef = 0710CDEB2063619200C0E620 /* DateConverter.swift */; };
		0710CDEE20636DE700C0E620 /* NetworklayerProxy.swift in Sources */ = {isa = PBXBuildFile; fileRef = 0710CDED20636DE700C0E620 /* NetworklayerProxy.swift */; };
		0710CDF02063835200C0E620 /* NetworkLayerType.swift in Sources */ = {isa = PBXBuildFile; fileRef = 0710CDEF2063835200C0E620 /* NetworkLayerType.swift */; };
		0710CDF22063AE3B00C0E620 /* RxExtensions.swift in Sources */ = {isa = PBXBuildFile; fileRef = 0710CDF12063AE3B00C0E620 /* RxExtensions.swift */; };
		079F10A420623E4400D7349D /* ReachabilityManager.swift in Sources */ = {isa = PBXBuildFile; fileRef = 079F10A320623E4400D7349D /* ReachabilityManager.swift */; };
		07C2F3002060ACFE00005B63 /* NetworkLayer.swift in Sources */ = {isa = PBXBuildFile; fileRef = 07C2F2FF2060ACFE00005B63 /* NetworkLayer.swift */; };
		07C2F3022060B34600005B63 /* BindableType.swift in Sources */ = {isa = PBXBuildFile; fileRef = 07C2F3012060B34600005B63 /* BindableType.swift */; };
		07C2F3042060B3B300005B63 /* ListPostViewModel.swift in Sources */ = {isa = PBXBuildFile; fileRef = 07C2F3032060B3B300005B63 /* ListPostViewModel.swift */; };
		07C2F3072060B5D900005B63 /* Post.swift in Sources */ = {isa = PBXBuildFile; fileRef = 07C2F3062060B5D900005B63 /* Post.swift */; };
		07C2F3092060B61400005B63 /* User.swift in Sources */ = {isa = PBXBuildFile; fileRef = 07C2F3082060B61400005B63 /* User.swift */; };
		07C2F30B2060B6EE00005B63 /* Images.swift in Sources */ = {isa = PBXBuildFile; fileRef = 07C2F30A2060B6EE00005B63 /* Images.swift */; };
		07C2F30D2060B94600005B63 /* Like.swift in Sources */ = {isa = PBXBuildFile; fileRef = 07C2F30C2060B94600005B63 /* Like.swift */; };
		07C2F30F2060BC2A00005B63 /* EndPointDesign.swift in Sources */ = {isa = PBXBuildFile; fileRef = 07C2F30E2060BC2A00005B63 /* EndPointDesign.swift */; };
		07C2F3112060BC8900005B63 /* EndPointConfiguration.swift in Sources */ = {isa = PBXBuildFile; fileRef = 07C2F3102060BC8900005B63 /* EndPointConfiguration.swift */; };
		07C2F3132060BD5400005B63 /* ViewModelType.swift in Sources */ = {isa = PBXBuildFile; fileRef = 07C2F3122060BD5400005B63 /* ViewModelType.swift */; };
		07C2F3152060BFF900005B63 /* Pagination.swift in Sources */ = {isa = PBXBuildFile; fileRef = 07C2F3142060BFF900005B63 /* Pagination.swift */; };
		07C2F3182060C4B200005B63 /* DetailViewModel.swift in Sources */ = {isa = PBXBuildFile; fileRef = 07C2F3172060C4B200005B63 /* DetailViewModel.swift */; };
		07C2F31A2060C85E00005B63 /* MainNavigationController.swift in Sources */ = {isa = PBXBuildFile; fileRef = 07C2F3192060C85E00005B63 /* MainNavigationController.swift */; };
		07C2F31C2060E1D400005B63 /* ListPosts.swift in Sources */ = {isa = PBXBuildFile; fileRef = 07C2F31B2060E1D400005B63 /* ListPosts.swift */; };
		4E318F10F3CE5C4882D2BAE3 /* Pods_SimpleAppDemoUITests.framework in Frameworks */ = {isa = PBXBuildFile; fileRef = 8466415AA17A866C069DBEC4 /* Pods_SimpleAppDemoUITests.framework */; };
		716BFA41205FE8E900B074F9 /* AppDelegate.swift in Sources */ = {isa = PBXBuildFile; fileRef = 716BFA40205FE8E900B074F9 /* AppDelegate.swift */; };
		716BFA43205FE8E900B074F9 /* ListPostViewController.swift in Sources */ = {isa = PBXBuildFile; fileRef = 716BFA42205FE8E900B074F9 /* ListPostViewController.swift */; };
		716BFA48205FE8E900B074F9 /* Assets.xcassets in Resources */ = {isa = PBXBuildFile; fileRef = 716BFA47205FE8E900B074F9 /* Assets.xcassets */; };
		716BFA4B205FE8E900B074F9 /* LaunchScreen.storyboard in Resources */ = {isa = PBXBuildFile; fileRef = 716BFA49205FE8E900B074F9 /* LaunchScreen.storyboard */; };
		716BFA56205FE8EA00B074F9 /* SimpleAppDemoTests.swift in Sources */ = {isa = PBXBuildFile; fileRef = 716BFA55205FE8EA00B074F9 /* SimpleAppDemoTests.swift */; };
		716BFA61205FE8EA00B074F9 /* SimpleAppDemoUITests.swift in Sources */ = {isa = PBXBuildFile; fileRef = 716BFA60205FE8EA00B074F9 /* SimpleAppDemoUITests.swift */; };
		716BFA70205FFB4C00B074F9 /* Scene.swift in Sources */ = {isa = PBXBuildFile; fileRef = 716BFA6F205FFB4C00B074F9 /* Scene.swift */; };
		716BFA72205FFB7200B074F9 /* SceneTransitionType.swift in Sources */ = {isa = PBXBuildFile; fileRef = 716BFA71205FFB7200B074F9 /* SceneTransitionType.swift */; };
		716BFA74205FFBB400B074F9 /* SceneCoordinator.swift in Sources */ = {isa = PBXBuildFile; fileRef = 716BFA73205FFBB400B074F9 /* SceneCoordinator.swift */; };
		716BFA76205FFBF700B074F9 /* SceneCoordinatorType.swift in Sources */ = {isa = PBXBuildFile; fileRef = 716BFA75205FFBF700B074F9 /* SceneCoordinatorType.swift */; };
		716BFA79205FFC7D00B074F9 /* RxNavigationControllerDelegateProxy.swift in Sources */ = {isa = PBXBuildFile; fileRef = 716BFA78205FFC7D00B074F9 /* RxNavigationControllerDelegateProxy.swift */; };
		716BFA7B205FFCFA00B074F9 /* Scene+ViewController.swift in Sources */ = {isa = PBXBuildFile; fileRef = 716BFA7A205FFCFA00B074F9 /* Scene+ViewController.swift */; };
		716BFA80205FFE1D00B074F9 /* URLRequestConfiguration.swift in Sources */ = {isa = PBXBuildFile; fileRef = 716BFA7F205FFE1D00B074F9 /* URLRequestConfiguration.swift */; };
		716BFA82205FFE4700B074F9 /* GetURLComponents.swift in Sources */ = {isa = PBXBuildFile; fileRef = 716BFA81205FFE4700B074F9 /* GetURLComponents.swift */; };
		716BFA84205FFE6B00B074F9 /* HTTPConfiguration.swift in Sources */ = {isa = PBXBuildFile; fileRef = 716BFA83205FFE6B00B074F9 /* HTTPConfiguration.swift */; };
		716BFA87205FFEC600B074F9 /* TranslationLayerType.swift in Sources */ = {isa = PBXBuildFile; fileRef = 716BFA86205FFEC600B074F9 /* TranslationLayerType.swift */; };
		716BFA89205FFF1A00B074F9 /* APIClientError.swift in Sources */ = {isa = PBXBuildFile; fileRef = 716BFA88205FFF1A00B074F9 /* APIClientError.swift */; };
		716BFA8B2060004600B074F9 /* DetailPostViewController.swift in Sources */ = {isa = PBXBuildFile; fileRef = 716BFA8A2060004600B074F9 /* DetailPostViewController.swift */; };
		716BFA8E2060008800B074F9 /* ObjectsAssembly.swift in Sources */ = {isa = PBXBuildFile; fileRef = 716BFA8D2060008800B074F9 /* ObjectsAssembly.swift */; };
		716BFA90206000C400B074F9 /* DependencyRegistry.swift in Sources */ = {isa = PBXBuildFile; fileRef = 716BFA8F206000C400B074F9 /* DependencyRegistry.swift */; };
		716BFA9320600E1700B074F9 /* ExtUImage.swift in Sources */ = {isa = PBXBuildFile; fileRef = 716BFA9220600E1700B074F9 /* ExtUImage.swift */; };
		716BFA9520600E4D00B074F9 /* ExtUITableView.swift in Sources */ = {isa = PBXBuildFile; fileRef = 716BFA9420600E4D00B074F9 /* ExtUITableView.swift */; };
		716BFA9820600FA900B074F9 /* IdentifierReusable.swift in Sources */ = {isa = PBXBuildFile; fileRef = 716BFA9720600FA900B074F9 /* IdentifierReusable.swift */; };
		716BFA9A20600FCC00B074F9 /* NibLoadable.swift in Sources */ = {isa = PBXBuildFile; fileRef = 716BFA9920600FCC00B074F9 /* NibLoadable.swift */; };
		716BFA9E206012D700B074F9 /* ListPostTableViewCell.swift in Sources */ = {isa = PBXBuildFile; fileRef = 716BFA9C206012D700B074F9 /* ListPostTableViewCell.swift */; };
		716BFA9F206012D700B074F9 /* ListPostTableViewCell.xib in Resources */ = {isa = PBXBuildFile; fileRef = 716BFA9D206012D700B074F9 /* ListPostTableViewCell.xib */; };
		86BB71C461DF93720E9BC829 /* Pods_SimpleAppDemoTests.framework in Frameworks */ = {isa = PBXBuildFile; fileRef = A40829163AA4C2AF6DC0833B /* Pods_SimpleAppDemoTests.framework */; };
		A63ED42FB7532EE4F041A965 /* Pods_SimpleAppDemo.framework in Frameworks */ = {isa = PBXBuildFile; fileRef = 2A18AB8301D1C4EBA84BC415 /* Pods_SimpleAppDemo.framework */; };
/* End PBXBuildFile section */

/* Begin PBXContainerItemProxy section */
		716BFA52205FE8EA00B074F9 /* PBXContainerItemProxy */ = {
			isa = PBXContainerItemProxy;
			containerPortal = 716BFA35205FE8E900B074F9 /* Project object */;
			proxyType = 1;
			remoteGlobalIDString = 716BFA3C205FE8E900B074F9;
			remoteInfo = SimpleAppDemo;
		};
		716BFA5D205FE8EA00B074F9 /* PBXContainerItemProxy */ = {
			isa = PBXContainerItemProxy;
			containerPortal = 716BFA35205FE8E900B074F9 /* Project object */;
			proxyType = 1;
			remoteGlobalIDString = 716BFA3C205FE8E900B074F9;
			remoteInfo = SimpleAppDemo;
		};
/* End PBXContainerItemProxy section */

/* Begin PBXFileReference section */
		0710CDE72063514300C0E620 /* Comment.swift */ = {isa = PBXFileReference; lastKnownFileType = sourcecode.swift; path = Comment.swift; sourceTree = "<group>"; };
		0710CDE92063569200C0E620 /* ListPostCellViewModel.swift */ = {isa = PBXFileReference; lastKnownFileType = sourcecode.swift; path = ListPostCellViewModel.swift; sourceTree = "<group>"; };
		0710CDEB2063619200C0E620 /* DateConverter.swift */ = {isa = PBXFileReference; lastKnownFileType = sourcecode.swift; path = DateConverter.swift; sourceTree = "<group>"; };
		0710CDED20636DE700C0E620 /* NetworklayerProxy.swift */ = {isa = PBXFileReference; lastKnownFileType = sourcecode.swift; path = NetworklayerProxy.swift; sourceTree = "<group>"; };
		0710CDEF2063835200C0E620 /* NetworkLayerType.swift */ = {isa = PBXFileReference; lastKnownFileType = sourcecode.swift; path = NetworkLayerType.swift; sourceTree = "<group>"; };
		0710CDF12063AE3B00C0E620 /* RxExtensions.swift */ = {isa = PBXFileReference; lastKnownFileType = sourcecode.swift; path = RxExtensions.swift; sourceTree = "<group>"; };
		079F10A320623E4400D7349D /* ReachabilityManager.swift */ = {isa = PBXFileReference; fileEncoding = 4; lastKnownFileType = sourcecode.swift; path = ReachabilityManager.swift; sourceTree = "<group>"; };
		07C2F2FF2060ACFE00005B63 /* NetworkLayer.swift */ = {isa = PBXFileReference; lastKnownFileType = sourcecode.swift; path = NetworkLayer.swift; sourceTree = "<group>"; };
		07C2F3012060B34600005B63 /* BindableType.swift */ = {isa = PBXFileReference; fileEncoding = 4; lastKnownFileType = sourcecode.swift; path = BindableType.swift; sourceTree = "<group>"; };
		07C2F3032060B3B300005B63 /* ListPostViewModel.swift */ = {isa = PBXFileReference; lastKnownFileType = sourcecode.swift; path = ListPostViewModel.swift; sourceTree = "<group>"; };
		07C2F3062060B5D900005B63 /* Post.swift */ = {isa = PBXFileReference; lastKnownFileType = sourcecode.swift; path = Post.swift; sourceTree = "<group>"; };
		07C2F3082060B61400005B63 /* User.swift */ = {isa = PBXFileReference; lastKnownFileType = sourcecode.swift; path = User.swift; sourceTree = "<group>"; };
		07C2F30A2060B6EE00005B63 /* Images.swift */ = {isa = PBXFileReference; lastKnownFileType = sourcecode.swift; path = Images.swift; sourceTree = "<group>"; };
		07C2F30C2060B94600005B63 /* Like.swift */ = {isa = PBXFileReference; lastKnownFileType = sourcecode.swift; path = Like.swift; sourceTree = "<group>"; };
		07C2F30E2060BC2A00005B63 /* EndPointDesign.swift */ = {isa = PBXFileReference; fileEncoding = 4; lastKnownFileType = sourcecode.swift; path = EndPointDesign.swift; sourceTree = "<group>"; };
		07C2F3102060BC8900005B63 /* EndPointConfiguration.swift */ = {isa = PBXFileReference; fileEncoding = 4; lastKnownFileType = sourcecode.swift; path = EndPointConfiguration.swift; sourceTree = "<group>"; };
		07C2F3122060BD5400005B63 /* ViewModelType.swift */ = {isa = PBXFileReference; fileEncoding = 4; lastKnownFileType = sourcecode.swift; path = ViewModelType.swift; sourceTree = "<group>"; };
		07C2F3142060BFF900005B63 /* Pagination.swift */ = {isa = PBXFileReference; lastKnownFileType = sourcecode.swift; path = Pagination.swift; sourceTree = "<group>"; };
		07C2F3172060C4B200005B63 /* DetailViewModel.swift */ = {isa = PBXFileReference; lastKnownFileType = sourcecode.swift; path = DetailViewModel.swift; sourceTree = "<group>"; };
		07C2F3192060C85E00005B63 /* MainNavigationController.swift */ = {isa = PBXFileReference; lastKnownFileType = sourcecode.swift; path = MainNavigationController.swift; sourceTree = "<group>"; };
		07C2F31B2060E1D400005B63 /* ListPosts.swift */ = {isa = PBXFileReference; lastKnownFileType = sourcecode.swift; path = ListPosts.swift; sourceTree = "<group>"; };
		1247DF6DEFF2155A83657ED4 /* Pods-SimpleAppDemoUITests.debug.xcconfig */ = {isa = PBXFileReference; includeInIndex = 1; lastKnownFileType = text.xcconfig; name = "Pods-SimpleAppDemoUITests.debug.xcconfig"; path = "Pods/Target Support Files/Pods-SimpleAppDemoUITests/Pods-SimpleAppDemoUITests.debug.xcconfig"; sourceTree = "<group>"; };
		15B75A5664CA781A0B4F89A0 /* Pods-SimpleAppDemo.debug.xcconfig */ = {isa = PBXFileReference; includeInIndex = 1; lastKnownFileType = text.xcconfig; name = "Pods-SimpleAppDemo.debug.xcconfig"; path = "Pods/Target Support Files/Pods-SimpleAppDemo/Pods-SimpleAppDemo.debug.xcconfig"; sourceTree = "<group>"; };
		2A18AB8301D1C4EBA84BC415 /* Pods_SimpleAppDemo.framework */ = {isa = PBXFileReference; explicitFileType = wrapper.framework; includeInIndex = 0; path = Pods_SimpleAppDemo.framework; sourceTree = BUILT_PRODUCTS_DIR; };
		4A3D559E1C0BE8AAD06D76DB /* Pods-SimpleAppDemoUITests.release.xcconfig */ = {isa = PBXFileReference; includeInIndex = 1; lastKnownFileType = text.xcconfig; name = "Pods-SimpleAppDemoUITests.release.xcconfig"; path = "Pods/Target Support Files/Pods-SimpleAppDemoUITests/Pods-SimpleAppDemoUITests.release.xcconfig"; sourceTree = "<group>"; };
		50178E457D5DCF9A87A48BDB /* Pods-SimpleAppDemoTests.release.xcconfig */ = {isa = PBXFileReference; includeInIndex = 1; lastKnownFileType = text.xcconfig; name = "Pods-SimpleAppDemoTests.release.xcconfig"; path = "Pods/Target Support Files/Pods-SimpleAppDemoTests/Pods-SimpleAppDemoTests.release.xcconfig"; sourceTree = "<group>"; };
		716BFA3D205FE8E900B074F9 /* SimpleAppDemo.app */ = {isa = PBXFileReference; explicitFileType = wrapper.application; includeInIndex = 0; path = SimpleAppDemo.app; sourceTree = BUILT_PRODUCTS_DIR; };
		716BFA40205FE8E900B074F9 /* AppDelegate.swift */ = {isa = PBXFileReference; lastKnownFileType = sourcecode.swift; path = AppDelegate.swift; sourceTree = "<group>"; };
		716BFA42205FE8E900B074F9 /* ListPostViewController.swift */ = {isa = PBXFileReference; lastKnownFileType = sourcecode.swift; path = ListPostViewController.swift; sourceTree = "<group>"; };
		716BFA47205FE8E900B074F9 /* Assets.xcassets */ = {isa = PBXFileReference; lastKnownFileType = folder.assetcatalog; path = Assets.xcassets; sourceTree = "<group>"; };
		716BFA4A205FE8E900B074F9 /* Base */ = {isa = PBXFileReference; lastKnownFileType = file.storyboard; name = Base; path = Base.lproj/LaunchScreen.storyboard; sourceTree = "<group>"; };
		716BFA4C205FE8E900B074F9 /* Info.plist */ = {isa = PBXFileReference; lastKnownFileType = text.plist.xml; path = Info.plist; sourceTree = "<group>"; };
		716BFA51205FE8EA00B074F9 /* SimpleAppDemoTests.xctest */ = {isa = PBXFileReference; explicitFileType = wrapper.cfbundle; includeInIndex = 0; path = SimpleAppDemoTests.xctest; sourceTree = BUILT_PRODUCTS_DIR; };
		716BFA55205FE8EA00B074F9 /* SimpleAppDemoTests.swift */ = {isa = PBXFileReference; lastKnownFileType = sourcecode.swift; path = SimpleAppDemoTests.swift; sourceTree = "<group>"; };
		716BFA57205FE8EA00B074F9 /* Info.plist */ = {isa = PBXFileReference; lastKnownFileType = text.plist.xml; path = Info.plist; sourceTree = "<group>"; };
		716BFA5C205FE8EA00B074F9 /* SimpleAppDemoUITests.xctest */ = {isa = PBXFileReference; explicitFileType = wrapper.cfbundle; includeInIndex = 0; path = SimpleAppDemoUITests.xctest; sourceTree = BUILT_PRODUCTS_DIR; };
		716BFA60205FE8EA00B074F9 /* SimpleAppDemoUITests.swift */ = {isa = PBXFileReference; lastKnownFileType = sourcecode.swift; path = SimpleAppDemoUITests.swift; sourceTree = "<group>"; };
		716BFA62205FE8EA00B074F9 /* Info.plist */ = {isa = PBXFileReference; lastKnownFileType = text.plist.xml; path = Info.plist; sourceTree = "<group>"; };
		716BFA6F205FFB4C00B074F9 /* Scene.swift */ = {isa = PBXFileReference; lastKnownFileType = sourcecode.swift; path = Scene.swift; sourceTree = "<group>"; };
		716BFA71205FFB7200B074F9 /* SceneTransitionType.swift */ = {isa = PBXFileReference; lastKnownFileType = sourcecode.swift; path = SceneTransitionType.swift; sourceTree = "<group>"; };
		716BFA73205FFBB400B074F9 /* SceneCoordinator.swift */ = {isa = PBXFileReference; lastKnownFileType = sourcecode.swift; path = SceneCoordinator.swift; sourceTree = "<group>"; };
		716BFA75205FFBF700B074F9 /* SceneCoordinatorType.swift */ = {isa = PBXFileReference; lastKnownFileType = sourcecode.swift; path = SceneCoordinatorType.swift; sourceTree = "<group>"; };
		716BFA78205FFC7D00B074F9 /* RxNavigationControllerDelegateProxy.swift */ = {isa = PBXFileReference; lastKnownFileType = sourcecode.swift; path = RxNavigationControllerDelegateProxy.swift; sourceTree = "<group>"; };
		716BFA7A205FFCFA00B074F9 /* Scene+ViewController.swift */ = {isa = PBXFileReference; lastKnownFileType = sourcecode.swift; path = "Scene+ViewController.swift"; sourceTree = "<group>"; };
		716BFA7F205FFE1D00B074F9 /* URLRequestConfiguration.swift */ = {isa = PBXFileReference; lastKnownFileType = sourcecode.swift; path = URLRequestConfiguration.swift; sourceTree = "<group>"; };
		716BFA81205FFE4700B074F9 /* GetURLComponents.swift */ = {isa = PBXFileReference; lastKnownFileType = sourcecode.swift; path = GetURLComponents.swift; sourceTree = "<group>"; };
		716BFA83205FFE6B00B074F9 /* HTTPConfiguration.swift */ = {isa = PBXFileReference; lastKnownFileType = sourcecode.swift; path = HTTPConfiguration.swift; sourceTree = "<group>"; };
		716BFA86205FFEC600B074F9 /* TranslationLayerType.swift */ = {isa = PBXFileReference; lastKnownFileType = sourcecode.swift; path = TranslationLayerType.swift; sourceTree = "<group>"; };
		716BFA88205FFF1A00B074F9 /* APIClientError.swift */ = {isa = PBXFileReference; lastKnownFileType = sourcecode.swift; path = APIClientError.swift; sourceTree = "<group>"; };
		716BFA8A2060004600B074F9 /* DetailPostViewController.swift */ = {isa = PBXFileReference; lastKnownFileType = sourcecode.swift; path = DetailPostViewController.swift; sourceTree = "<group>"; };
		716BFA8D2060008800B074F9 /* ObjectsAssembly.swift */ = {isa = PBXFileReference; lastKnownFileType = sourcecode.swift; path = ObjectsAssembly.swift; sourceTree = "<group>"; };
		716BFA8F206000C400B074F9 /* DependencyRegistry.swift */ = {isa = PBXFileReference; lastKnownFileType = sourcecode.swift; path = DependencyRegistry.swift; sourceTree = "<group>"; };
		716BFA9220600E1700B074F9 /* ExtUImage.swift */ = {isa = PBXFileReference; lastKnownFileType = sourcecode.swift; path = ExtUImage.swift; sourceTree = "<group>"; };
		716BFA9420600E4D00B074F9 /* ExtUITableView.swift */ = {isa = PBXFileReference; lastKnownFileType = sourcecode.swift; path = ExtUITableView.swift; sourceTree = "<group>"; };
		716BFA9720600FA900B074F9 /* IdentifierReusable.swift */ = {isa = PBXFileReference; lastKnownFileType = sourcecode.swift; path = IdentifierReusable.swift; sourceTree = "<group>"; };
		716BFA9920600FCC00B074F9 /* NibLoadable.swift */ = {isa = PBXFileReference; lastKnownFileType = sourcecode.swift; path = NibLoadable.swift; sourceTree = "<group>"; };
		716BFA9C206012D700B074F9 /* ListPostTableViewCell.swift */ = {isa = PBXFileReference; lastKnownFileType = sourcecode.swift; path = ListPostTableViewCell.swift; sourceTree = "<group>"; };
		716BFA9D206012D700B074F9 /* ListPostTableViewCell.xib */ = {isa = PBXFileReference; lastKnownFileType = file.xib; path = ListPostTableViewCell.xib; sourceTree = "<group>"; };
		77744D23934C8B8EBFB9DBE2 /* Pods-SimpleAppDemo.release.xcconfig */ = {isa = PBXFileReference; includeInIndex = 1; lastKnownFileType = text.xcconfig; name = "Pods-SimpleAppDemo.release.xcconfig"; path = "Pods/Target Support Files/Pods-SimpleAppDemo/Pods-SimpleAppDemo.release.xcconfig"; sourceTree = "<group>"; };
		8466415AA17A866C069DBEC4 /* Pods_SimpleAppDemoUITests.framework */ = {isa = PBXFileReference; explicitFileType = wrapper.framework; includeInIndex = 0; path = Pods_SimpleAppDemoUITests.framework; sourceTree = BUILT_PRODUCTS_DIR; };
		A40829163AA4C2AF6DC0833B /* Pods_SimpleAppDemoTests.framework */ = {isa = PBXFileReference; explicitFileType = wrapper.framework; includeInIndex = 0; path = Pods_SimpleAppDemoTests.framework; sourceTree = BUILT_PRODUCTS_DIR; };
		AE1B0617A550AB9A4A84899B /* Pods-SimpleAppDemoTests.debug.xcconfig */ = {isa = PBXFileReference; includeInIndex = 1; lastKnownFileType = text.xcconfig; name = "Pods-SimpleAppDemoTests.debug.xcconfig"; path = "Pods/Target Support Files/Pods-SimpleAppDemoTests/Pods-SimpleAppDemoTests.debug.xcconfig"; sourceTree = "<group>"; };
/* End PBXFileReference section */

/* Begin PBXFrameworksBuildPhase section */
		716BFA3A205FE8E900B074F9 /* Frameworks */ = {
			isa = PBXFrameworksBuildPhase;
			buildActionMask = 2147483647;
			files = (
				A63ED42FB7532EE4F041A965 /* Pods_SimpleAppDemo.framework in Frameworks */,
			);
			runOnlyForDeploymentPostprocessing = 0;
		};
		716BFA4E205FE8EA00B074F9 /* Frameworks */ = {
			isa = PBXFrameworksBuildPhase;
			buildActionMask = 2147483647;
			files = (
				86BB71C461DF93720E9BC829 /* Pods_SimpleAppDemoTests.framework in Frameworks */,
			);
			runOnlyForDeploymentPostprocessing = 0;
		};
		716BFA59205FE8EA00B074F9 /* Frameworks */ = {
			isa = PBXFrameworksBuildPhase;
			buildActionMask = 2147483647;
			files = (
				4E318F10F3CE5C4882D2BAE3 /* Pods_SimpleAppDemoUITests.framework in Frameworks */,
			);
			runOnlyForDeploymentPostprocessing = 0;
		};
/* End PBXFrameworksBuildPhase section */

/* Begin PBXGroup section */
		079F10A220623E1200D7349D /* Helper */ = {
			isa = PBXGroup;
			children = (
				079F10A320623E4400D7349D /* ReachabilityManager.swift */,
				0710CDEB2063619200C0E620 /* DateConverter.swift */,
			);
			path = Helper;
			sourceTree = "<group>";
		};
		07C2F3052060B5C700005B63 /* ModelLayer */ = {
			isa = PBXGroup;
			children = (
				07C2F3062060B5D900005B63 /* Post.swift */,
				07C2F3082060B61400005B63 /* User.swift */,
				07C2F30A2060B6EE00005B63 /* Images.swift */,
				07C2F30C2060B94600005B63 /* Like.swift */,
				07C2F3142060BFF900005B63 /* Pagination.swift */,
				07C2F31B2060E1D400005B63 /* ListPosts.swift */,
				0710CDE72063514300C0E620 /* Comment.swift */,
			);
			path = ModelLayer;
			sourceTree = "<group>";
		};
		07C2F3162060C49C00005B63 /* DetailViewController */ = {
			isa = PBXGroup;
			children = (
				716BFA8A2060004600B074F9 /* DetailPostViewController.swift */,
				07C2F3172060C4B200005B63 /* DetailViewModel.swift */,
			);
			path = DetailViewController;
			sourceTree = "<group>";
		};
		4E22DD0AABBFC0D9310EF7BC /* Frameworks */ = {
			isa = PBXGroup;
			children = (
				2A18AB8301D1C4EBA84BC415 /* Pods_SimpleAppDemo.framework */,
				A40829163AA4C2AF6DC0833B /* Pods_SimpleAppDemoTests.framework */,
				8466415AA17A866C069DBEC4 /* Pods_SimpleAppDemoUITests.framework */,
			);
			name = Frameworks;
			sourceTree = "<group>";
		};
		716BFA34205FE8E900B074F9 = {
			isa = PBXGroup;
			children = (
				716BFA3F205FE8E900B074F9 /* SimpleAppDemo */,
				716BFA54205FE8EA00B074F9 /* SimpleAppDemoTests */,
				716BFA5F205FE8EA00B074F9 /* SimpleAppDemoUITests */,
				716BFA3E205FE8E900B074F9 /* Products */,
				AAC59E5EB3947E7E3503FCEA /* Pods */,
				4E22DD0AABBFC0D9310EF7BC /* Frameworks */,
			);
			sourceTree = "<group>";
		};
		716BFA3E205FE8E900B074F9 /* Products */ = {
			isa = PBXGroup;
			children = (
				716BFA3D205FE8E900B074F9 /* SimpleAppDemo.app */,
				716BFA51205FE8EA00B074F9 /* SimpleAppDemoTests.xctest */,
				716BFA5C205FE8EA00B074F9 /* SimpleAppDemoUITests.xctest */,
			);
			name = Products;
			sourceTree = "<group>";
		};
		716BFA3F205FE8E900B074F9 /* SimpleAppDemo */ = {
			isa = PBXGroup;
			children = (
				079F10A220623E1200D7349D /* Helper */,
				07C2F3052060B5C700005B63 /* ModelLayer */,
				716BFA9620600F8900B074F9 /* Protocols */,
				716BFA8C2060005B00B074F9 /* Dependencies */,
				716BFA85205FFEB500B074F9 /* TranslationLayer */,
				716BFA7E205FFE0C00B074F9 /* NetworkLayer */,
				716BFA77205FFC4600B074F9 /* RxExtensions */,
				716BFA9120600DE400B074F9 /* Extenstions */,
				716BFA6E205FFB2A00B074F9 /* SceneCoordinator */,
				716BFA7C205FFD7D00B074F9 /* UI */,
				716BFA7D205FFDA100B074F9 /* Application */,
			);
			path = SimpleAppDemo;
			sourceTree = "<group>";
		};
		716BFA54205FE8EA00B074F9 /* SimpleAppDemoTests */ = {
			isa = PBXGroup;
			children = (
				716BFA55205FE8EA00B074F9 /* SimpleAppDemoTests.swift */,
				716BFA57205FE8EA00B074F9 /* Info.plist */,
			);
			path = SimpleAppDemoTests;
			sourceTree = "<group>";
		};
		716BFA5F205FE8EA00B074F9 /* SimpleAppDemoUITests */ = {
			isa = PBXGroup;
			children = (
				716BFA60205FE8EA00B074F9 /* SimpleAppDemoUITests.swift */,
				716BFA62205FE8EA00B074F9 /* Info.plist */,
			);
			path = SimpleAppDemoUITests;
			sourceTree = "<group>";
		};
		716BFA6E205FFB2A00B074F9 /* SceneCoordinator */ = {
			isa = PBXGroup;
			children = (
				716BFA6F205FFB4C00B074F9 /* Scene.swift */,
				716BFA71205FFB7200B074F9 /* SceneTransitionType.swift */,
				716BFA73205FFBB400B074F9 /* SceneCoordinator.swift */,
				716BFA75205FFBF700B074F9 /* SceneCoordinatorType.swift */,
				716BFA7A205FFCFA00B074F9 /* Scene+ViewController.swift */,
				07C2F3192060C85E00005B63 /* MainNavigationController.swift */,
			);
			path = SceneCoordinator;
			sourceTree = "<group>";
		};
		716BFA77205FFC4600B074F9 /* RxExtensions */ = {
			isa = PBXGroup;
			children = (
				716BFA78205FFC7D00B074F9 /* RxNavigationControllerDelegateProxy.swift */,
				0710CDF12063AE3B00C0E620 /* RxExtensions.swift */,
			);
			path = RxExtensions;
			sourceTree = "<group>";
		};
		716BFA7C205FFD7D00B074F9 /* UI */ = {
			isa = PBXGroup;
			children = (
				716BFA9B2060113C00B074F9 /* ListPostViewController */,
				07C2F3162060C49C00005B63 /* DetailViewController */,
			);
			path = UI;
			sourceTree = "<group>";
		};
		716BFA7D205FFDA100B074F9 /* Application */ = {
			isa = PBXGroup;
			children = (
				716BFA40205FE8E900B074F9 /* AppDelegate.swift */,
				716BFA47205FE8E900B074F9 /* Assets.xcassets */,
				716BFA49205FE8E900B074F9 /* LaunchScreen.storyboard */,
				716BFA4C205FE8E900B074F9 /* Info.plist */,
			);
			path = Application;
			sourceTree = "<group>";
		};
		716BFA7E205FFE0C00B074F9 /* NetworkLayer */ = {
			isa = PBXGroup;
			children = (
				07C2F3102060BC8900005B63 /* EndPointConfiguration.swift */,
				07C2F30E2060BC2A00005B63 /* EndPointDesign.swift */,
				716BFA7F205FFE1D00B074F9 /* URLRequestConfiguration.swift */,
				716BFA81205FFE4700B074F9 /* GetURLComponents.swift */,
				716BFA83205FFE6B00B074F9 /* HTTPConfiguration.swift */,
				716BFA88205FFF1A00B074F9 /* APIClientError.swift */,
				07C2F2FF2060ACFE00005B63 /* NetworkLayer.swift */,
				0710CDED20636DE700C0E620 /* NetworklayerProxy.swift */,
				0710CDEF2063835200C0E620 /* NetworkLayerType.swift */,
			);
			path = NetworkLayer;
			sourceTree = "<group>";
		};
		716BFA85205FFEB500B074F9 /* TranslationLayer */ = {
			isa = PBXGroup;
			children = (
				716BFA86205FFEC600B074F9 /* TranslationLayerType.swift */,
			);
			path = TranslationLayer;
			sourceTree = "<group>";
		};
		716BFA8C2060005B00B074F9 /* Dependencies */ = {
			isa = PBXGroup;
			children = (
				716BFA8D2060008800B074F9 /* ObjectsAssembly.swift */,
				716BFA8F206000C400B074F9 /* DependencyRegistry.swift */,
			);
			path = Dependencies;
			sourceTree = "<group>";
		};
		716BFA9120600DE400B074F9 /* Extenstions */ = {
			isa = PBXGroup;
			children = (
				716BFA9220600E1700B074F9 /* ExtUImage.swift */,
				716BFA9420600E4D00B074F9 /* ExtUITableView.swift */,
			);
			path = Extenstions;
			sourceTree = "<group>";
		};
		716BFA9620600F8900B074F9 /* Protocols */ = {
			isa = PBXGroup;
			children = (
				07C2F3122060BD5400005B63 /* ViewModelType.swift */,
				07C2F3012060B34600005B63 /* BindableType.swift */,
				716BFA9720600FA900B074F9 /* IdentifierReusable.swift */,
				716BFA9920600FCC00B074F9 /* NibLoadable.swift */,
			);
			path = Protocols;
			sourceTree = "<group>";
		};
		716BFA9B2060113C00B074F9 /* ListPostViewController */ = {
			isa = PBXGroup;
			children = (
				716BFA42205FE8E900B074F9 /* ListPostViewController.swift */,
				716BFA9C206012D700B074F9 /* ListPostTableViewCell.swift */,
				716BFA9D206012D700B074F9 /* ListPostTableViewCell.xib */,
				07C2F3032060B3B300005B63 /* ListPostViewModel.swift */,
				0710CDE92063569200C0E620 /* ListPostCellViewModel.swift */,
			);
			path = ListPostViewController;
			sourceTree = "<group>";
		};
		AAC59E5EB3947E7E3503FCEA /* Pods */ = {
			isa = PBXGroup;
			children = (
				15B75A5664CA781A0B4F89A0 /* Pods-SimpleAppDemo.debug.xcconfig */,
				77744D23934C8B8EBFB9DBE2 /* Pods-SimpleAppDemo.release.xcconfig */,
				AE1B0617A550AB9A4A84899B /* Pods-SimpleAppDemoTests.debug.xcconfig */,
				50178E457D5DCF9A87A48BDB /* Pods-SimpleAppDemoTests.release.xcconfig */,
				1247DF6DEFF2155A83657ED4 /* Pods-SimpleAppDemoUITests.debug.xcconfig */,
				4A3D559E1C0BE8AAD06D76DB /* Pods-SimpleAppDemoUITests.release.xcconfig */,
			);
			name = Pods;
			sourceTree = "<group>";
		};
/* End PBXGroup section */

/* Begin PBXNativeTarget section */
		716BFA3C205FE8E900B074F9 /* SimpleAppDemo */ = {
			isa = PBXNativeTarget;
			buildConfigurationList = 716BFA65205FE8EA00B074F9 /* Build configuration list for PBXNativeTarget "SimpleAppDemo" */;
			buildPhases = (
				06F6CA45CCFC0F0F011A9290 /* [CP] Check Pods Manifest.lock */,
				716BFA39205FE8E900B074F9 /* Sources */,
				716BFA3A205FE8E900B074F9 /* Frameworks */,
				716BFA3B205FE8E900B074F9 /* Resources */,
				91A3345D06A9135165597B29 /* [CP] Embed Pods Frameworks */,
				27C54AD27F8AE3DC69572B23 /* [CP] Copy Pods Resources */,
			);
			buildRules = (
			);
			dependencies = (
			);
			name = SimpleAppDemo;
			productName = SimpleAppDemo;
			productReference = 716BFA3D205FE8E900B074F9 /* SimpleAppDemo.app */;
			productType = "com.apple.product-type.application";
		};
		716BFA50205FE8EA00B074F9 /* SimpleAppDemoTests */ = {
			isa = PBXNativeTarget;
			buildConfigurationList = 716BFA68205FE8EA00B074F9 /* Build configuration list for PBXNativeTarget "SimpleAppDemoTests" */;
			buildPhases = (
				DFB77105FF4BA2F00BAAA6B0 /* [CP] Check Pods Manifest.lock */,
				716BFA4D205FE8EA00B074F9 /* Sources */,
				716BFA4E205FE8EA00B074F9 /* Frameworks */,
				716BFA4F205FE8EA00B074F9 /* Resources */,
				6336BF87E51D0BFC3A8B2DD8 /* [CP] Embed Pods Frameworks */,
				01B110DD4259172B1EC4987F /* [CP] Copy Pods Resources */,
			);
			buildRules = (
			);
			dependencies = (
				716BFA53205FE8EA00B074F9 /* PBXTargetDependency */,
			);
			name = SimpleAppDemoTests;
			productName = SimpleAppDemoTests;
			productReference = 716BFA51205FE8EA00B074F9 /* SimpleAppDemoTests.xctest */;
			productType = "com.apple.product-type.bundle.unit-test";
		};
		716BFA5B205FE8EA00B074F9 /* SimpleAppDemoUITests */ = {
			isa = PBXNativeTarget;
			buildConfigurationList = 716BFA6B205FE8EA00B074F9 /* Build configuration list for PBXNativeTarget "SimpleAppDemoUITests" */;
			buildPhases = (
				A5F41F09AEE344036BB7F1B9 /* [CP] Check Pods Manifest.lock */,
				716BFA58205FE8EA00B074F9 /* Sources */,
				716BFA59205FE8EA00B074F9 /* Frameworks */,
				716BFA5A205FE8EA00B074F9 /* Resources */,
				90098C731A61131301B92169 /* [CP] Embed Pods Frameworks */,
				6AB8F7D9272FEB1BB4722555 /* [CP] Copy Pods Resources */,
			);
			buildRules = (
			);
			dependencies = (
				716BFA5E205FE8EA00B074F9 /* PBXTargetDependency */,
			);
			name = SimpleAppDemoUITests;
			productName = SimpleAppDemoUITests;
			productReference = 716BFA5C205FE8EA00B074F9 /* SimpleAppDemoUITests.xctest */;
			productType = "com.apple.product-type.bundle.ui-testing";
		};
/* End PBXNativeTarget section */

/* Begin PBXProject section */
		716BFA35205FE8E900B074F9 /* Project object */ = {
			isa = PBXProject;
			attributes = {
				LastSwiftUpdateCheck = 0920;
				LastUpgradeCheck = 0920;
				ORGANIZATIONNAME = seyha;
				TargetAttributes = {
					716BFA3C205FE8E900B074F9 = {
						CreatedOnToolsVersion = 9.2;
						ProvisioningStyle = Automatic;
					};
					716BFA50205FE8EA00B074F9 = {
						CreatedOnToolsVersion = 9.2;
						ProvisioningStyle = Automatic;
						TestTargetID = 716BFA3C205FE8E900B074F9;
					};
					716BFA5B205FE8EA00B074F9 = {
						CreatedOnToolsVersion = 9.2;
						ProvisioningStyle = Automatic;
						TestTargetID = 716BFA3C205FE8E900B074F9;
					};
				};
			};
			buildConfigurationList = 716BFA38205FE8E900B074F9 /* Build configuration list for PBXProject "SimpleAppDemo" */;
			compatibilityVersion = "Xcode 8.0";
			developmentRegion = en;
			hasScannedForEncodings = 0;
			knownRegions = (
				en,
				Base,
			);
			mainGroup = 716BFA34205FE8E900B074F9;
			productRefGroup = 716BFA3E205FE8E900B074F9 /* Products */;
			projectDirPath = "";
			projectRoot = "";
			targets = (
				716BFA3C205FE8E900B074F9 /* SimpleAppDemo */,
				716BFA50205FE8EA00B074F9 /* SimpleAppDemoTests */,
				716BFA5B205FE8EA00B074F9 /* SimpleAppDemoUITests */,
			);
		};
/* End PBXProject section */

/* Begin PBXResourcesBuildPhase section */
		716BFA3B205FE8E900B074F9 /* Resources */ = {
			isa = PBXResourcesBuildPhase;
			buildActionMask = 2147483647;
			files = (
				716BFA4B205FE8E900B074F9 /* LaunchScreen.storyboard in Resources */,
				716BFA9F206012D700B074F9 /* ListPostTableViewCell.xib in Resources */,
				716BFA48205FE8E900B074F9 /* Assets.xcassets in Resources */,
			);
			runOnlyForDeploymentPostprocessing = 0;
		};
		716BFA4F205FE8EA00B074F9 /* Resources */ = {
			isa = PBXResourcesBuildPhase;
			buildActionMask = 2147483647;
			files = (
			);
			runOnlyForDeploymentPostprocessing = 0;
		};
		716BFA5A205FE8EA00B074F9 /* Resources */ = {
			isa = PBXResourcesBuildPhase;
			buildActionMask = 2147483647;
			files = (
			);
			runOnlyForDeploymentPostprocessing = 0;
		};
/* End PBXResourcesBuildPhase section */

/* Begin PBXShellScriptBuildPhase section */
		01B110DD4259172B1EC4987F /* [CP] Copy Pods Resources */ = {
			isa = PBXShellScriptBuildPhase;
			buildActionMask = 2147483647;
			files = (
			);
			inputPaths = (
			);
			name = "[CP] Copy Pods Resources";
			outputPaths = (
			);
			runOnlyForDeploymentPostprocessing = 0;
			shellPath = /bin/sh;
			shellScript = "\"${SRCROOT}/Pods/Target Support Files/Pods-SimpleAppDemoTests/Pods-SimpleAppDemoTests-resources.sh\"\n";
			showEnvVarsInLog = 0;
		};
		06F6CA45CCFC0F0F011A9290 /* [CP] Check Pods Manifest.lock */ = {
			isa = PBXShellScriptBuildPhase;
			buildActionMask = 2147483647;
			files = (
			);
			inputPaths = (
				"${PODS_PODFILE_DIR_PATH}/Podfile.lock",
				"${PODS_ROOT}/Manifest.lock",
			);
			name = "[CP] Check Pods Manifest.lock";
			outputPaths = (
				"$(DERIVED_FILE_DIR)/Pods-SimpleAppDemo-checkManifestLockResult.txt",
			);
			runOnlyForDeploymentPostprocessing = 0;
			shellPath = /bin/sh;
			shellScript = "diff \"${PODS_PODFILE_DIR_PATH}/Podfile.lock\" \"${PODS_ROOT}/Manifest.lock\" > /dev/null\nif [ $? != 0 ] ; then\n    # print error to STDERR\n    echo \"error: The sandbox is not in sync with the Podfile.lock. Run 'pod install' or update your CocoaPods installation.\" >&2\n    exit 1\nfi\n# This output is used by Xcode 'outputs' to avoid re-running this script phase.\necho \"SUCCESS\" > \"${SCRIPT_OUTPUT_FILE_0}\"\n";
			showEnvVarsInLog = 0;
		};
		27C54AD27F8AE3DC69572B23 /* [CP] Copy Pods Resources */ = {
			isa = PBXShellScriptBuildPhase;
			buildActionMask = 2147483647;
			files = (
			);
			inputPaths = (
			);
			name = "[CP] Copy Pods Resources";
			outputPaths = (
			);
			runOnlyForDeploymentPostprocessing = 0;
			shellPath = /bin/sh;
			shellScript = "\"${SRCROOT}/Pods/Target Support Files/Pods-SimpleAppDemo/Pods-SimpleAppDemo-resources.sh\"\n";
			showEnvVarsInLog = 0;
		};
		6336BF87E51D0BFC3A8B2DD8 /* [CP] Embed Pods Frameworks */ = {
			isa = PBXShellScriptBuildPhase;
			buildActionMask = 2147483647;
			files = (
			);
			inputPaths = (
			);
			name = "[CP] Embed Pods Frameworks";
			outputPaths = (
			);
			runOnlyForDeploymentPostprocessing = 0;
			shellPath = /bin/sh;
			shellScript = "\"${SRCROOT}/Pods/Target Support Files/Pods-SimpleAppDemoTests/Pods-SimpleAppDemoTests-frameworks.sh\"\n";
			showEnvVarsInLog = 0;
		};
		6AB8F7D9272FEB1BB4722555 /* [CP] Copy Pods Resources */ = {
			isa = PBXShellScriptBuildPhase;
			buildActionMask = 2147483647;
			files = (
			);
			inputPaths = (
			);
			name = "[CP] Copy Pods Resources";
			outputPaths = (
			);
			runOnlyForDeploymentPostprocessing = 0;
			shellPath = /bin/sh;
			shellScript = "\"${SRCROOT}/Pods/Target Support Files/Pods-SimpleAppDemoUITests/Pods-SimpleAppDemoUITests-resources.sh\"\n";
			showEnvVarsInLog = 0;
		};
		90098C731A61131301B92169 /* [CP] Embed Pods Frameworks */ = {
			isa = PBXShellScriptBuildPhase;
			buildActionMask = 2147483647;
			files = (
			);
			inputPaths = (
			);
			name = "[CP] Embed Pods Frameworks";
			outputPaths = (
			);
			runOnlyForDeploymentPostprocessing = 0;
			shellPath = /bin/sh;
			shellScript = "\"${SRCROOT}/Pods/Target Support Files/Pods-SimpleAppDemoUITests/Pods-SimpleAppDemoUITests-frameworks.sh\"\n";
			showEnvVarsInLog = 0;
		};
		91A3345D06A9135165597B29 /* [CP] Embed Pods Frameworks */ = {
			isa = PBXShellScriptBuildPhase;
			buildActionMask = 2147483647;
			files = (
			);
			inputPaths = (
				"${SRCROOT}/Pods/Target Support Files/Pods-SimpleAppDemo/Pods-SimpleAppDemo-frameworks.sh",
				"${BUILT_PRODUCTS_DIR}/Action/Action.framework",
				"${BUILT_PRODUCTS_DIR}/Kingfisher/Kingfisher.framework",
				"${BUILT_PRODUCTS_DIR}/NSObject+Rx/NSObject_Rx.framework",
				"${BUILT_PRODUCTS_DIR}/ReachabilitySwift/ReachabilitySwift.framework",
				"${BUILT_PRODUCTS_DIR}/RxCocoa/RxCocoa.framework",
				"${BUILT_PRODUCTS_DIR}/RxSwift/RxSwift.framework",
				"${BUILT_PRODUCTS_DIR}/SnapKit/SnapKit.framework",
				"${BUILT_PRODUCTS_DIR}/Swinject/Swinject.framework",
			);
			name = "[CP] Embed Pods Frameworks";
			outputPaths = (
				"${TARGET_BUILD_DIR}/${FRAMEWORKS_FOLDER_PATH}/Action.framework",
				"${TARGET_BUILD_DIR}/${FRAMEWORKS_FOLDER_PATH}/Kingfisher.framework",
				"${TARGET_BUILD_DIR}/${FRAMEWORKS_FOLDER_PATH}/NSObject_Rx.framework",
				"${TARGET_BUILD_DIR}/${FRAMEWORKS_FOLDER_PATH}/ReachabilitySwift.framework",
				"${TARGET_BUILD_DIR}/${FRAMEWORKS_FOLDER_PATH}/RxCocoa.framework",
				"${TARGET_BUILD_DIR}/${FRAMEWORKS_FOLDER_PATH}/RxSwift.framework",
				"${TARGET_BUILD_DIR}/${FRAMEWORKS_FOLDER_PATH}/SnapKit.framework",
				"${TARGET_BUILD_DIR}/${FRAMEWORKS_FOLDER_PATH}/Swinject.framework",
			);
			runOnlyForDeploymentPostprocessing = 0;
			shellPath = /bin/sh;
			shellScript = "\"${SRCROOT}/Pods/Target Support Files/Pods-SimpleAppDemo/Pods-SimpleAppDemo-frameworks.sh\"\n";
			showEnvVarsInLog = 0;
		};
		A5F41F09AEE344036BB7F1B9 /* [CP] Check Pods Manifest.lock */ = {
			isa = PBXShellScriptBuildPhase;
			buildActionMask = 2147483647;
			files = (
			);
			inputPaths = (
				"${PODS_PODFILE_DIR_PATH}/Podfile.lock",
				"${PODS_ROOT}/Manifest.lock",
			);
			name = "[CP] Check Pods Manifest.lock";
			outputPaths = (
				"$(DERIVED_FILE_DIR)/Pods-SimpleAppDemoUITests-checkManifestLockResult.txt",
			);
			runOnlyForDeploymentPostprocessing = 0;
			shellPath = /bin/sh;
			shellScript = "diff \"${PODS_PODFILE_DIR_PATH}/Podfile.lock\" \"${PODS_ROOT}/Manifest.lock\" > /dev/null\nif [ $? != 0 ] ; then\n    # print error to STDERR\n    echo \"error: The sandbox is not in sync with the Podfile.lock. Run 'pod install' or update your CocoaPods installation.\" >&2\n    exit 1\nfi\n# This output is used by Xcode 'outputs' to avoid re-running this script phase.\necho \"SUCCESS\" > \"${SCRIPT_OUTPUT_FILE_0}\"\n";
			showEnvVarsInLog = 0;
		};
		DFB77105FF4BA2F00BAAA6B0 /* [CP] Check Pods Manifest.lock */ = {
			isa = PBXShellScriptBuildPhase;
			buildActionMask = 2147483647;
			files = (
			);
			inputPaths = (
				"${PODS_PODFILE_DIR_PATH}/Podfile.lock",
				"${PODS_ROOT}/Manifest.lock",
			);
			name = "[CP] Check Pods Manifest.lock";
			outputPaths = (
				"$(DERIVED_FILE_DIR)/Pods-SimpleAppDemoTests-checkManifestLockResult.txt",
			);
			runOnlyForDeploymentPostprocessing = 0;
			shellPath = /bin/sh;
			shellScript = "diff \"${PODS_PODFILE_DIR_PATH}/Podfile.lock\" \"${PODS_ROOT}/Manifest.lock\" > /dev/null\nif [ $? != 0 ] ; then\n    # print error to STDERR\n    echo \"error: The sandbox is not in sync with the Podfile.lock. Run 'pod install' or update your CocoaPods installation.\" >&2\n    exit 1\nfi\n# This output is used by Xcode 'outputs' to avoid re-running this script phase.\necho \"SUCCESS\" > \"${SCRIPT_OUTPUT_FILE_0}\"\n";
			showEnvVarsInLog = 0;
		};
/* End PBXShellScriptBuildPhase section */

/* Begin PBXSourcesBuildPhase section */
		716BFA39205FE8E900B074F9 /* Sources */ = {
			isa = PBXSourcesBuildPhase;
			buildActionMask = 2147483647;
			files = (
				07C2F3092060B61400005B63 /* User.swift in Sources */,
				07C2F3112060BC8900005B63 /* EndPointConfiguration.swift in Sources */,
				07C2F30B2060B6EE00005B63 /* Images.swift in Sources */,
				716BFA43205FE8E900B074F9 /* ListPostViewController.swift in Sources */,
				079F10A420623E4400D7349D /* ReachabilityManager.swift in Sources */,
				716BFA8B2060004600B074F9 /* DetailPostViewController.swift in Sources */,
				716BFA90206000C400B074F9 /* DependencyRegistry.swift in Sources */,
				716BFA8E2060008800B074F9 /* ObjectsAssembly.swift in Sources */,
				07C2F31C2060E1D400005B63 /* ListPosts.swift in Sources */,
				716BFA84205FFE6B00B074F9 /* HTTPConfiguration.swift in Sources */,
				07C2F31A2060C85E00005B63 /* MainNavigationController.swift in Sources */,
				716BFA74205FFBB400B074F9 /* SceneCoordinator.swift in Sources */,
				716BFA9320600E1700B074F9 /* ExtUImage.swift in Sources */,
				07C2F3132060BD5400005B63 /* ViewModelType.swift in Sources */,
				0710CDEC2063619200C0E620 /* DateConverter.swift in Sources */,
				0710CDF02063835200C0E620 /* NetworkLayerType.swift in Sources */,
				716BFA89205FFF1A00B074F9 /* APIClientError.swift in Sources */,
				716BFA87205FFEC600B074F9 /* TranslationLayerType.swift in Sources */,
				07C2F3072060B5D900005B63 /* Post.swift in Sources */,
				716BFA41205FE8E900B074F9 /* AppDelegate.swift in Sources */,
				0710CDEE20636DE700C0E620 /* NetworklayerProxy.swift in Sources */,
				716BFA9A20600FCC00B074F9 /* NibLoadable.swift in Sources */,
				07C2F3022060B34600005B63 /* BindableType.swift in Sources */,
				0710CDE82063514300C0E620 /* Comment.swift in Sources */,
				716BFA70205FFB4C00B074F9 /* Scene.swift in Sources */,
				716BFA80205FFE1D00B074F9 /* URLRequestConfiguration.swift in Sources */,
				716BFA72205FFB7200B074F9 /* SceneTransitionType.swift in Sources */,
				716BFA82205FFE4700B074F9 /* GetURLComponents.swift in Sources */,
				07C2F3152060BFF900005B63 /* Pagination.swift in Sources */,
				07C2F3042060B3B300005B63 /* ListPostViewModel.swift in Sources */,
				716BFA9E206012D700B074F9 /* ListPostTableViewCell.swift in Sources */,
				07C2F3002060ACFE00005B63 /* NetworkLayer.swift in Sources */,
				07C2F30D2060B94600005B63 /* Like.swift in Sources */,
				07C2F30F2060BC2A00005B63 /* EndPointDesign.swift in Sources */,
				716BFA7B205FFCFA00B074F9 /* Scene+ViewController.swift in Sources */,
				716BFA9820600FA900B074F9 /* IdentifierReusable.swift in Sources */,
				716BFA9520600E4D00B074F9 /* ExtUITableView.swift in Sources */,
				0710CDF22063AE3B00C0E620 /* RxExtensions.swift in Sources */,
				716BFA79205FFC7D00B074F9 /* RxNavigationControllerDelegateProxy.swift in Sources */,
				07C2F3182060C4B200005B63 /* DetailViewModel.swift in Sources */,
				0710CDEA2063569200C0E620 /* ListPostCellViewModel.swift in Sources */,
				716BFA76205FFBF700B074F9 /* SceneCoordinatorType.swift in Sources */,
			);
			runOnlyForDeploymentPostprocessing = 0;
		};
		716BFA4D205FE8EA00B074F9 /* Sources */ = {
			isa = PBXSourcesBuildPhase;
			buildActionMask = 2147483647;
			files = (
				716BFA56205FE8EA00B074F9 /* SimpleAppDemoTests.swift in Sources */,
			);
			runOnlyForDeploymentPostprocessing = 0;
		};
		716BFA58205FE8EA00B074F9 /* Sources */ = {
			isa = PBXSourcesBuildPhase;
			buildActionMask = 2147483647;
			files = (
				716BFA61205FE8EA00B074F9 /* SimpleAppDemoUITests.swift in Sources */,
			);
			runOnlyForDeploymentPostprocessing = 0;
		};
/* End PBXSourcesBuildPhase section */

/* Begin PBXTargetDependency section */
		716BFA53205FE8EA00B074F9 /* PBXTargetDependency */ = {
			isa = PBXTargetDependency;
			target = 716BFA3C205FE8E900B074F9 /* SimpleAppDemo */;
			targetProxy = 716BFA52205FE8EA00B074F9 /* PBXContainerItemProxy */;
		};
		716BFA5E205FE8EA00B074F9 /* PBXTargetDependency */ = {
			isa = PBXTargetDependency;
			target = 716BFA3C205FE8E900B074F9 /* SimpleAppDemo */;
			targetProxy = 716BFA5D205FE8EA00B074F9 /* PBXContainerItemProxy */;
		};
/* End PBXTargetDependency section */

/* Begin PBXVariantGroup section */
		716BFA49205FE8E900B074F9 /* LaunchScreen.storyboard */ = {
			isa = PBXVariantGroup;
			children = (
				716BFA4A205FE8E900B074F9 /* Base */,
			);
			name = LaunchScreen.storyboard;
			sourceTree = "<group>";
		};
/* End PBXVariantGroup section */

/* Begin XCBuildConfiguration section */
		716BFA63205FE8EA00B074F9 /* Debug */ = {
			isa = XCBuildConfiguration;
			buildSettings = {
				ALWAYS_SEARCH_USER_PATHS = NO;
				CLANG_ANALYZER_NONNULL = YES;
				CLANG_ANALYZER_NUMBER_OBJECT_CONVERSION = YES_AGGRESSIVE;
				CLANG_CXX_LANGUAGE_STANDARD = "gnu++14";
				CLANG_CXX_LIBRARY = "libc++";
				CLANG_ENABLE_MODULES = YES;
				CLANG_ENABLE_OBJC_ARC = YES;
				CLANG_WARN_BLOCK_CAPTURE_AUTORELEASING = YES;
				CLANG_WARN_BOOL_CONVERSION = YES;
				CLANG_WARN_COMMA = YES;
				CLANG_WARN_CONSTANT_CONVERSION = YES;
				CLANG_WARN_DIRECT_OBJC_ISA_USAGE = YES_ERROR;
				CLANG_WARN_DOCUMENTATION_COMMENTS = YES;
				CLANG_WARN_EMPTY_BODY = YES;
				CLANG_WARN_ENUM_CONVERSION = YES;
				CLANG_WARN_INFINITE_RECURSION = YES;
				CLANG_WARN_INT_CONVERSION = YES;
				CLANG_WARN_NON_LITERAL_NULL_CONVERSION = YES;
				CLANG_WARN_OBJC_LITERAL_CONVERSION = YES;
				CLANG_WARN_OBJC_ROOT_CLASS = YES_ERROR;
				CLANG_WARN_RANGE_LOOP_ANALYSIS = YES;
				CLANG_WARN_STRICT_PROTOTYPES = YES;
				CLANG_WARN_SUSPICIOUS_MOVE = YES;
				CLANG_WARN_UNGUARDED_AVAILABILITY = YES_AGGRESSIVE;
				CLANG_WARN_UNREACHABLE_CODE = YES;
				CLANG_WARN__DUPLICATE_METHOD_MATCH = YES;
				CODE_SIGN_IDENTITY = "iPhone Developer";
				COPY_PHASE_STRIP = NO;
				DEBUG_INFORMATION_FORMAT = dwarf;
				ENABLE_STRICT_OBJC_MSGSEND = YES;
				ENABLE_TESTABILITY = YES;
				GCC_C_LANGUAGE_STANDARD = gnu11;
				GCC_DYNAMIC_NO_PIC = NO;
				GCC_NO_COMMON_BLOCKS = YES;
				GCC_OPTIMIZATION_LEVEL = 0;
				GCC_PREPROCESSOR_DEFINITIONS = (
					"DEBUG=1",
					"$(inherited)",
				);
				GCC_WARN_64_TO_32_BIT_CONVERSION = YES;
				GCC_WARN_ABOUT_RETURN_TYPE = YES_ERROR;
				GCC_WARN_UNDECLARED_SELECTOR = YES;
				GCC_WARN_UNINITIALIZED_AUTOS = YES_AGGRESSIVE;
				GCC_WARN_UNUSED_FUNCTION = YES;
				GCC_WARN_UNUSED_VARIABLE = YES;
				IPHONEOS_DEPLOYMENT_TARGET = 11.2;
				MTL_ENABLE_DEBUG_INFO = YES;
				ONLY_ACTIVE_ARCH = YES;
				SDKROOT = iphoneos;
				SWIFT_ACTIVE_COMPILATION_CONDITIONS = DEBUG;
				SWIFT_OPTIMIZATION_LEVEL = "-Onone";
			};
			name = Debug;
		};
		716BFA64205FE8EA00B074F9 /* Release */ = {
			isa = XCBuildConfiguration;
			buildSettings = {
				ALWAYS_SEARCH_USER_PATHS = NO;
				CLANG_ANALYZER_NONNULL = YES;
				CLANG_ANALYZER_NUMBER_OBJECT_CONVERSION = YES_AGGRESSIVE;
				CLANG_CXX_LANGUAGE_STANDARD = "gnu++14";
				CLANG_CXX_LIBRARY = "libc++";
				CLANG_ENABLE_MODULES = YES;
				CLANG_ENABLE_OBJC_ARC = YES;
				CLANG_WARN_BLOCK_CAPTURE_AUTORELEASING = YES;
				CLANG_WARN_BOOL_CONVERSION = YES;
				CLANG_WARN_COMMA = YES;
				CLANG_WARN_CONSTANT_CONVERSION = YES;
				CLANG_WARN_DIRECT_OBJC_ISA_USAGE = YES_ERROR;
				CLANG_WARN_DOCUMENTATION_COMMENTS = YES;
				CLANG_WARN_EMPTY_BODY = YES;
				CLANG_WARN_ENUM_CONVERSION = YES;
				CLANG_WARN_INFINITE_RECURSION = YES;
				CLANG_WARN_INT_CONVERSION = YES;
				CLANG_WARN_NON_LITERAL_NULL_CONVERSION = YES;
				CLANG_WARN_OBJC_LITERAL_CONVERSION = YES;
				CLANG_WARN_OBJC_ROOT_CLASS = YES_ERROR;
				CLANG_WARN_RANGE_LOOP_ANALYSIS = YES;
				CLANG_WARN_STRICT_PROTOTYPES = YES;
				CLANG_WARN_SUSPICIOUS_MOVE = YES;
				CLANG_WARN_UNGUARDED_AVAILABILITY = YES_AGGRESSIVE;
				CLANG_WARN_UNREACHABLE_CODE = YES;
				CLANG_WARN__DUPLICATE_METHOD_MATCH = YES;
				CODE_SIGN_IDENTITY = "iPhone Developer";
				COPY_PHASE_STRIP = NO;
				DEBUG_INFORMATION_FORMAT = "dwarf-with-dsym";
				ENABLE_NS_ASSERTIONS = NO;
				ENABLE_STRICT_OBJC_MSGSEND = YES;
				GCC_C_LANGUAGE_STANDARD = gnu11;
				GCC_NO_COMMON_BLOCKS = YES;
				GCC_WARN_64_TO_32_BIT_CONVERSION = YES;
				GCC_WARN_ABOUT_RETURN_TYPE = YES_ERROR;
				GCC_WARN_UNDECLARED_SELECTOR = YES;
				GCC_WARN_UNINITIALIZED_AUTOS = YES_AGGRESSIVE;
				GCC_WARN_UNUSED_FUNCTION = YES;
				GCC_WARN_UNUSED_VARIABLE = YES;
				IPHONEOS_DEPLOYMENT_TARGET = 11.2;
				MTL_ENABLE_DEBUG_INFO = NO;
				SDKROOT = iphoneos;
				SWIFT_OPTIMIZATION_LEVEL = "-Owholemodule";
				VALIDATE_PRODUCT = YES;
			};
			name = Release;
		};
		716BFA66205FE8EA00B074F9 /* Debug */ = {
			isa = XCBuildConfiguration;
			baseConfigurationReference = 15B75A5664CA781A0B4F89A0 /* Pods-SimpleAppDemo.debug.xcconfig */;
			buildSettings = {
				ASSETCATALOG_COMPILER_APPICON_NAME = AppIcon;
				CODE_SIGN_STYLE = Automatic;
				DEVELOPMENT_TEAM = KBWN3BETTA;
				INFOPLIST_FILE = SimpleAppDemo/Info.plist;
				IPHONEOS_DEPLOYMENT_TARGET = 9.0;
				LD_RUNPATH_SEARCH_PATHS = "$(inherited) @executable_path/Frameworks";
				PRODUCT_BUNDLE_IDENTIFIER = com.seyha.SimpleAppDemo;
				PRODUCT_NAME = "$(TARGET_NAME)";
				SWIFT_VERSION = 4.0;
				TARGETED_DEVICE_FAMILY = "1,2";
			};
			name = Debug;
		};
		716BFA67205FE8EA00B074F9 /* Release */ = {
			isa = XCBuildConfiguration;
			baseConfigurationReference = 77744D23934C8B8EBFB9DBE2 /* Pods-SimpleAppDemo.release.xcconfig */;
			buildSettings = {
				ASSETCATALOG_COMPILER_APPICON_NAME = AppIcon;
				CODE_SIGN_STYLE = Automatic;
				DEVELOPMENT_TEAM = KBWN3BETTA;
				INFOPLIST_FILE = SimpleAppDemo/Info.plist;
				IPHONEOS_DEPLOYMENT_TARGET = 9.0;
				LD_RUNPATH_SEARCH_PATHS = "$(inherited) @executable_path/Frameworks";
				PRODUCT_BUNDLE_IDENTIFIER = com.seyha.SimpleAppDemo;
				PRODUCT_NAME = "$(TARGET_NAME)";
				SWIFT_VERSION = 4.0;
				TARGETED_DEVICE_FAMILY = "1,2";
			};
			name = Release;
		};
		716BFA69205FE8EA00B074F9 /* Debug */ = {
			isa = XCBuildConfiguration;
			baseConfigurationReference = AE1B0617A550AB9A4A84899B /* Pods-SimpleAppDemoTests.debug.xcconfig */;
			buildSettings = {
				ALWAYS_EMBED_SWIFT_STANDARD_LIBRARIES = YES;
				BUNDLE_LOADER = "$(TEST_HOST)";
				CODE_SIGN_STYLE = Automatic;
				DEVELOPMENT_TEAM = Z495DZRPVP;
				INFOPLIST_FILE = SimpleAppDemoTests/Info.plist;
				LD_RUNPATH_SEARCH_PATHS = "$(inherited) @executable_path/Frameworks @loader_path/Frameworks";
				PRODUCT_BUNDLE_IDENTIFIER = com.seyha.SimpleAppDemoTests;
				PRODUCT_NAME = "$(TARGET_NAME)";
				SWIFT_VERSION = 4.0;
				TARGETED_DEVICE_FAMILY = "1,2";
				TEST_HOST = "$(BUILT_PRODUCTS_DIR)/SimpleAppDemo.app/SimpleAppDemo";
			};
			name = Debug;
		};
		716BFA6A205FE8EA00B074F9 /* Release */ = {
			isa = XCBuildConfiguration;
			baseConfigurationReference = 50178E457D5DCF9A87A48BDB /* Pods-SimpleAppDemoTests.release.xcconfig */;
			buildSettings = {
				ALWAYS_EMBED_SWIFT_STANDARD_LIBRARIES = YES;
				BUNDLE_LOADER = "$(TEST_HOST)";
				CODE_SIGN_STYLE = Automatic;
				DEVELOPMENT_TEAM = Z495DZRPVP;
				INFOPLIST_FILE = SimpleAppDemoTests/Info.plist;
				LD_RUNPATH_SEARCH_PATHS = "$(inherited) @executable_path/Frameworks @loader_path/Frameworks";
				PRODUCT_BUNDLE_IDENTIFIER = com.seyha.SimpleAppDemoTests;
				PRODUCT_NAME = "$(TARGET_NAME)";
				SWIFT_VERSION = 4.0;
				TARGETED_DEVICE_FAMILY = "1,2";
				TEST_HOST = "$(BUILT_PRODUCTS_DIR)/SimpleAppDemo.app/SimpleAppDemo";
			};
			name = Release;
		};
		716BFA6C205FE8EA00B074F9 /* Debug */ = {
			isa = XCBuildConfiguration;
			baseConfigurationReference = 1247DF6DEFF2155A83657ED4 /* Pods-SimpleAppDemoUITests.debug.xcconfig */;
			buildSettings = {
				ALWAYS_EMBED_SWIFT_STANDARD_LIBRARIES = YES;
				CODE_SIGN_STYLE = Automatic;
				DEVELOPMENT_TEAM = Z495DZRPVP;
				INFOPLIST_FILE = SimpleAppDemoUITests/Info.plist;
				LD_RUNPATH_SEARCH_PATHS = "$(inherited) @executable_path/Frameworks @loader_path/Frameworks";
				PRODUCT_BUNDLE_IDENTIFIER = com.seyha.SimpleAppDemoUITests;
				PRODUCT_NAME = "$(TARGET_NAME)";
				SWIFT_VERSION = 4.0;
				TARGETED_DEVICE_FAMILY = "1,2";
				TEST_TARGET_NAME = SimpleAppDemo;
			};
			name = Debug;
		};
		716BFA6D205FE8EA00B074F9 /* Release */ = {
			isa = XCBuildConfiguration;
			baseConfigurationReference = 4A3D559E1C0BE8AAD06D76DB /* Pods-SimpleAppDemoUITests.release.xcconfig */;
			buildSettings = {
				ALWAYS_EMBED_SWIFT_STANDARD_LIBRARIES = YES;
				CODE_SIGN_STYLE = Automatic;
				DEVELOPMENT_TEAM = Z495DZRPVP;
				INFOPLIST_FILE = SimpleAppDemoUITests/Info.plist;
				LD_RUNPATH_SEARCH_PATHS = "$(inherited) @executable_path/Frameworks @loader_path/Frameworks";
				PRODUCT_BUNDLE_IDENTIFIER = com.seyha.SimpleAppDemoUITests;
				PRODUCT_NAME = "$(TARGET_NAME)";
				SWIFT_VERSION = 4.0;
				TARGETED_DEVICE_FAMILY = "1,2";
				TEST_TARGET_NAME = SimpleAppDemo;
			};
			name = Release;
		};
/* End XCBuildConfiguration section */

/* Begin XCConfigurationList section */
		716BFA38205FE8E900B074F9 /* Build configuration list for PBXProject "SimpleAppDemo" */ = {
			isa = XCConfigurationList;
			buildConfigurations = (
				716BFA63205FE8EA00B074F9 /* Debug */,
				716BFA64205FE8EA00B074F9 /* Release */,
			);
			defaultConfigurationIsVisible = 0;
			defaultConfigurationName = Release;
		};
		716BFA65205FE8EA00B074F9 /* Build configuration list for PBXNativeTarget "SimpleAppDemo" */ = {
			isa = XCConfigurationList;
			buildConfigurations = (
				716BFA66205FE8EA00B074F9 /* Debug */,
				716BFA67205FE8EA00B074F9 /* Release */,
			);
			defaultConfigurationIsVisible = 0;
			defaultConfigurationName = Release;
		};
		716BFA68205FE8EA00B074F9 /* Build configuration list for PBXNativeTarget "SimpleAppDemoTests" */ = {
			isa = XCConfigurationList;
			buildConfigurations = (
				716BFA69205FE8EA00B074F9 /* Debug */,
				716BFA6A205FE8EA00B074F9 /* Release */,
			);
			defaultConfigurationIsVisible = 0;
			defaultConfigurationName = Release;
		};
		716BFA6B205FE8EA00B074F9 /* Build configuration list for PBXNativeTarget "SimpleAppDemoUITests" */ = {
			isa = XCConfigurationList;
			buildConfigurations = (
				716BFA6C205FE8EA00B074F9 /* Debug */,
				716BFA6D205FE8EA00B074F9 /* Release */,
			);
			defaultConfigurationIsVisible = 0;
			defaultConfigurationName = Release;
		};
/* End XCConfigurationList section */
	};
	rootObject = 716BFA35205FE8E900B074F9 /* Project object */;
}
